{
  "name": "island-mini-test",
  "version": "1.0.0",
  "lockfileVersion": 1,
  "requires": true,
  "dependencies": {
    "js-base64": {
      "version": "2.5.1",
      "resolved": "https://registry.npmjs.org/js-base64/-/js-base64-2.5.1.tgz",
      "integrity": "sha512-M7kLczedRMYX4L8Mdh4MzyAMM9O5osx+4FcOQuTvr3A9F2D9S5JXheN0ewNbrvK2UatkTRhL5ejGmGSjNMiZuw=="
    },
    "lin-ui": {
      "version": "0.6.3",
      "resolved": "https://registry.npmjs.org/lin-ui/-/lin-ui-0.6.3.tgz",
      "integrity": "sha512-3Cp2y+KCSdJpTsOqec7yHhZsavpPAJp4ZmKbwyssKsPxZ4hmqJnZqFw/454bC5Lwbk6UHIVP4ySDnHWezNKzDA=="
    }
  }
}
